// !$*UTF8*$!
{
	archiveVersion = 1;
	classes = {
	};
	objectVersion = 56;
	objects = {

/* Begin PBXBuildFile section */
		4F0AF5BE2B1D2B6800CD19AA /* AnalyticService.swift in Sources */ = {isa = PBXBuildFile; fileRef = 4F0AF5BD2B1D2B6800CD19AA /* AnalyticService.swift */; };
		4F0AF5C02B1D46A700CD19AA /* FiltersViewController.swift in Sources */ = {isa = PBXBuildFile; fileRef = 4F0AF5BF2B1D46A700CD19AA /* FiltersViewController.swift */; };
		4F0AF5C42B1E676D00CD19AA /* Colors.swift in Sources */ = {isa = PBXBuildFile; fileRef = 4F0AF5C32B1E676D00CD19AA /* Colors.swift */; };
		4F26B0222AD878EB00E3F67F /* AppDelegate.swift in Sources */ = {isa = PBXBuildFile; fileRef = 4F26B0212AD878EB00E3F67F /* AppDelegate.swift */; };
		4F26B0242AD878EB00E3F67F /* SceneDelegate.swift in Sources */ = {isa = PBXBuildFile; fileRef = 4F26B0232AD878EB00E3F67F /* SceneDelegate.swift */; };
		4F26B0262AD878EB00E3F67F /* TrackersViewController.swift in Sources */ = {isa = PBXBuildFile; fileRef = 4F26B0252AD878EB00E3F67F /* TrackersViewController.swift */; };
		4F26B02B2AD878EC00E3F67F /* Assets.xcassets in Resources */ = {isa = PBXBuildFile; fileRef = 4F26B02A2AD878EC00E3F67F /* Assets.xcassets */; };
		4F26B02E2AD878EC00E3F67F /* LaunchScreen.storyboard in Resources */ = {isa = PBXBuildFile; fileRef = 4F26B02C2AD878EC00E3F67F /* LaunchScreen.storyboard */; };
		4F26B0362AEEE40900E3F67F /* Tracker.swift in Sources */ = {isa = PBXBuildFile; fileRef = 4F26B0352AEEE40900E3F67F /* Tracker.swift */; };
		4F26B0382AEEE45E00E3F67F /* TrackerCategory.swift in Sources */ = {isa = PBXBuildFile; fileRef = 4F26B0372AEEE45E00E3F67F /* TrackerCategory.swift */; };
		4F26B03A2AEEE4AB00E3F67F /* TrackerRecord.swift in Sources */ = {isa = PBXBuildFile; fileRef = 4F26B0392AEEE4AB00E3F67F /* TrackerRecord.swift */; };
		4F26B0412AEEFFE400E3F67F /* SFProText-Bold.ttf in Resources */ = {isa = PBXBuildFile; fileRef = 4F26B0402AEEFFE400E3F67F /* SFProText-Bold.ttf */; };
		4FF801E62AEF02970036EF3B /* TabBarViewCiontroller.swift in Sources */ = {isa = PBXBuildFile; fileRef = 4FF801E52AEF02970036EF3B /* TabBarViewCiontroller.swift */; };
		4FF801E82AEF03970036EF3B /* StatisticsViewController.swift in Sources */ = {isa = PBXBuildFile; fileRef = 4FF801E72AEF03970036EF3B /* StatisticsViewController.swift */; };
		4FF801EA2AF1ABED0036EF3B /* AddTrackerViewController.swift in Sources */ = {isa = PBXBuildFile; fileRef = 4FF801E92AF1ABED0036EF3B /* AddTrackerViewController.swift */; };
		4FF801EC2AF1B0310036EF3B /* SFProText-Medium.ttf in Resources */ = {isa = PBXBuildFile; fileRef = 4FF801EB2AF1B0310036EF3B /* SFProText-Medium.ttf */; };
		4FF801F22AF8581C0036EF3B /* SFProText-Regular.ttf in Resources */ = {isa = PBXBuildFile; fileRef = 4FF801F12AF8581C0036EF3B /* SFProText-Regular.ttf */; };
		4FF801F42AF926580036EF3B /* NewTrackerViewController.swift in Sources */ = {isa = PBXBuildFile; fileRef = 4FF801F32AF926580036EF3B /* NewTrackerViewController.swift */; };
		4FF801F62B0014390036EF3B /* TrackerViewCell.swift in Sources */ = {isa = PBXBuildFile; fileRef = 4FF801F52B0014390036EF3B /* TrackerViewCell.swift */; };
		4FF801F82B015A000036EF3B /* ScheduleViewController.swift in Sources */ = {isa = PBXBuildFile; fileRef = 4FF801F72B015A000036EF3B /* ScheduleViewController.swift */; };
		4FF801FA2B02CE770036EF3B /* TrackerCategorySuplemetaryView.swift in Sources */ = {isa = PBXBuildFile; fileRef = 4FF801F92B02CE770036EF3B /* TrackerCategorySuplemetaryView.swift */; };
		4FF801FC2B06CC950036EF3B /* EmojiCollectionViewCell.swift in Sources */ = {isa = PBXBuildFile; fileRef = 4FF801FB2B06CC950036EF3B /* EmojiCollectionViewCell.swift */; };
		4FFDA7202B0AA308005FF2C7 /* ColorCollectionViewCell.swift in Sources */ = {isa = PBXBuildFile; fileRef = 4FFDA71F2B0AA308005FF2C7 /* ColorCollectionViewCell.swift */; };
		4FFDA74B2B0ABD02005FF2C7 /* DataBase.xcdatamodeld in Sources */ = {isa = PBXBuildFile; fileRef = 4FFDA7492B0ABD02005FF2C7 /* DataBase.xcdatamodeld */; };
		4FFDA7752B129A3C005FF2C7 /* TrackerStore.swift in Sources */ = {isa = PBXBuildFile; fileRef = 4FFDA7742B129A3C005FF2C7 /* TrackerStore.swift */; };
		4FFDA7772B129A8E005FF2C7 /* TrackerCategoryStore.swift in Sources */ = {isa = PBXBuildFile; fileRef = 4FFDA7762B129A8E005FF2C7 /* TrackerCategoryStore.swift */; };
		4FFDA7792B129AA6005FF2C7 /* TrackerRecordStore.swift in Sources */ = {isa = PBXBuildFile; fileRef = 4FFDA7782B129AA6005FF2C7 /* TrackerRecordStore.swift */; };
		4FFDA77D2B12A4B2005FF2C7 /* UIColorMarshalling.swift in Sources */ = {isa = PBXBuildFile; fileRef = 4FFDA77C2B12A4B2005FF2C7 /* UIColorMarshalling.swift */; };
		4FFDA7C42B18CD68005FF2C7 /* OnboardingViewController.swift in Sources */ = {isa = PBXBuildFile; fileRef = 4FFDA7C32B18CD68005FF2C7 /* OnboardingViewController.swift */; };
		4FFDA7C72B18DCA0005FF2C7 /* PageViewController.swift in Sources */ = {isa = PBXBuildFile; fileRef = 4FFDA7C62B18DCA0005FF2C7 /* PageViewController.swift */; };
		4FFDA7CA2B1A2184005FF2C7 /* CategoriesViewController.swift in Sources */ = {isa = PBXBuildFile; fileRef = 4FFDA7C92B1A2184005FF2C7 /* CategoriesViewController.swift */; };
		4FFDA7CC2B1B7C10005FF2C7 /* CategoriesViewModel.swift in Sources */ = {isa = PBXBuildFile; fileRef = 4FFDA7CB2B1B7C10005FF2C7 /* CategoriesViewModel.swift */; };
		4FFDA7CE2B1B8927005FF2C7 /* NewCategoryViewController.swift in Sources */ = {isa = PBXBuildFile; fileRef = 4FFDA7CD2B1B8927005FF2C7 /* NewCategoryViewController.swift */; };
		4FFDA7E52B1D0C34005FF2C7 /* Localizable.strings in Resources */ = {isa = PBXBuildFile; fileRef = 4FFDA7E72B1D0C34005FF2C7 /* Localizable.strings */; };
		4FFDA7F02B1D1804005FF2C7 /* TrackerTests.swift in Sources */ = {isa = PBXBuildFile; fileRef = 4FFDA7EF2B1D1804005FF2C7 /* TrackerTests.swift */; };
		4FFDA7FB2B1D192F005FF2C7 /* SnapshotTesting in Frameworks */ = {isa = PBXBuildFile; productRef = 4FFDA7FA2B1D192F005FF2C7 /* SnapshotTesting */; };
		FDE69D5D29360A489B6F4122 /* Pods_Tracker.framework in Frameworks */ = {isa = PBXBuildFile; fileRef = 58E1911598460EC759FB5B1F /* Pods_Tracker.framework */; };
/* End PBXBuildFile section */

/* Begin PBXContainerItemProxy section */
		4FFDA7F12B1D1804005FF2C7 /* PBXContainerItemProxy */ = {
			isa = PBXContainerItemProxy;
			containerPortal = 4F26B0162AD878EB00E3F67F /* Project object */;
			proxyType = 1;
			remoteGlobalIDString = 4F26B01D2AD878EB00E3F67F;
			remoteInfo = Tracker;
		};
/* End PBXContainerItemProxy section */

/* Begin PBXFileReference section */
		4F0AF5BD2B1D2B6800CD19AA /* AnalyticService.swift */ = {isa = PBXFileReference; lastKnownFileType = sourcecode.swift; path = AnalyticService.swift; sourceTree = "<group>"; };
		4F0AF5BF2B1D46A700CD19AA /* FiltersViewController.swift */ = {isa = PBXFileReference; lastKnownFileType = sourcecode.swift; path = FiltersViewController.swift; sourceTree = "<group>"; };
		4F0AF5C32B1E676D00CD19AA /* Colors.swift */ = {isa = PBXFileReference; lastKnownFileType = sourcecode.swift; path = Colors.swift; sourceTree = "<group>"; };
		4F26B01E2AD878EB00E3F67F /* Tracker.app */ = {isa = PBXFileReference; explicitFileType = wrapper.application; includeInIndex = 0; path = Tracker.app; sourceTree = BUILT_PRODUCTS_DIR; };
		4F26B0212AD878EB00E3F67F /* AppDelegate.swift */ = {isa = PBXFileReference; lastKnownFileType = sourcecode.swift; path = AppDelegate.swift; sourceTree = "<group>"; };
		4F26B0232AD878EB00E3F67F /* SceneDelegate.swift */ = {isa = PBXFileReference; lastKnownFileType = sourcecode.swift; path = SceneDelegate.swift; sourceTree = "<group>"; };
		4F26B0252AD878EB00E3F67F /* TrackersViewController.swift */ = {isa = PBXFileReference; lastKnownFileType = sourcecode.swift; path = TrackersViewController.swift; sourceTree = "<group>"; };
		4F26B02A2AD878EC00E3F67F /* Assets.xcassets */ = {isa = PBXFileReference; lastKnownFileType = folder.assetcatalog; path = Assets.xcassets; sourceTree = "<group>"; };
		4F26B02D2AD878EC00E3F67F /* Base */ = {isa = PBXFileReference; lastKnownFileType = file.storyboard; name = Base; path = Base.lproj/LaunchScreen.storyboard; sourceTree = "<group>"; };
		4F26B02F2AD878EC00E3F67F /* Info.plist */ = {isa = PBXFileReference; lastKnownFileType = text.plist.xml; path = Info.plist; sourceTree = "<group>"; };
		4F26B0352AEEE40900E3F67F /* Tracker.swift */ = {isa = PBXFileReference; lastKnownFileType = sourcecode.swift; path = Tracker.swift; sourceTree = "<group>"; };
		4F26B0372AEEE45E00E3F67F /* TrackerCategory.swift */ = {isa = PBXFileReference; lastKnownFileType = sourcecode.swift; path = TrackerCategory.swift; sourceTree = "<group>"; };
		4F26B0392AEEE4AB00E3F67F /* TrackerRecord.swift */ = {isa = PBXFileReference; lastKnownFileType = sourcecode.swift; path = TrackerRecord.swift; sourceTree = "<group>"; };
		4F26B0402AEEFFE400E3F67F /* SFProText-Bold.ttf */ = {isa = PBXFileReference; lastKnownFileType = file; path = "SFProText-Bold.ttf"; sourceTree = "<group>"; };
		4FF801E52AEF02970036EF3B /* TabBarViewCiontroller.swift */ = {isa = PBXFileReference; lastKnownFileType = sourcecode.swift; path = TabBarViewCiontroller.swift; sourceTree = "<group>"; };
		4FF801E72AEF03970036EF3B /* StatisticsViewController.swift */ = {isa = PBXFileReference; lastKnownFileType = sourcecode.swift; path = StatisticsViewController.swift; sourceTree = "<group>"; };
		4FF801E92AF1ABED0036EF3B /* AddTrackerViewController.swift */ = {isa = PBXFileReference; lastKnownFileType = sourcecode.swift; path = AddTrackerViewController.swift; sourceTree = "<group>"; };
		4FF801EB2AF1B0310036EF3B /* SFProText-Medium.ttf */ = {isa = PBXFileReference; lastKnownFileType = file; path = "SFProText-Medium.ttf"; sourceTree = "<group>"; };
		4FF801F12AF8581C0036EF3B /* SFProText-Regular.ttf */ = {isa = PBXFileReference; lastKnownFileType = file; path = "SFProText-Regular.ttf"; sourceTree = "<group>"; };
		4FF801F32AF926580036EF3B /* NewTrackerViewController.swift */ = {isa = PBXFileReference; lastKnownFileType = sourcecode.swift; path = NewTrackerViewController.swift; sourceTree = "<group>"; };
		4FF801F52B0014390036EF3B /* TrackerViewCell.swift */ = {isa = PBXFileReference; lastKnownFileType = sourcecode.swift; path = TrackerViewCell.swift; sourceTree = "<group>"; };
		4FF801F72B015A000036EF3B /* ScheduleViewController.swift */ = {isa = PBXFileReference; lastKnownFileType = sourcecode.swift; path = ScheduleViewController.swift; sourceTree = "<group>"; };
		4FF801F92B02CE770036EF3B /* TrackerCategorySuplemetaryView.swift */ = {isa = PBXFileReference; lastKnownFileType = sourcecode.swift; path = TrackerCategorySuplemetaryView.swift; sourceTree = "<group>"; };
		4FF801FB2B06CC950036EF3B /* EmojiCollectionViewCell.swift */ = {isa = PBXFileReference; lastKnownFileType = sourcecode.swift; path = EmojiCollectionViewCell.swift; sourceTree = "<group>"; };
		4FFDA71F2B0AA308005FF2C7 /* ColorCollectionViewCell.swift */ = {isa = PBXFileReference; lastKnownFileType = sourcecode.swift; path = ColorCollectionViewCell.swift; sourceTree = "<group>"; };
		4FFDA74A2B0ABD02005FF2C7 /* DataBase.xcdatamodel */ = {isa = PBXFileReference; lastKnownFileType = wrapper.xcdatamodel; path = DataBase.xcdatamodel; sourceTree = "<group>"; };
		4FFDA7742B129A3C005FF2C7 /* TrackerStore.swift */ = {isa = PBXFileReference; lastKnownFileType = sourcecode.swift; path = TrackerStore.swift; sourceTree = "<group>"; };
		4FFDA7762B129A8E005FF2C7 /* TrackerCategoryStore.swift */ = {isa = PBXFileReference; lastKnownFileType = sourcecode.swift; path = TrackerCategoryStore.swift; sourceTree = "<group>"; };
		4FFDA7782B129AA6005FF2C7 /* TrackerRecordStore.swift */ = {isa = PBXFileReference; lastKnownFileType = sourcecode.swift; path = TrackerRecordStore.swift; sourceTree = "<group>"; };
		4FFDA77C2B12A4B2005FF2C7 /* UIColorMarshalling.swift */ = {isa = PBXFileReference; lastKnownFileType = sourcecode.swift; path = UIColorMarshalling.swift; sourceTree = "<group>"; };
		4FFDA7C32B18CD68005FF2C7 /* OnboardingViewController.swift */ = {isa = PBXFileReference; lastKnownFileType = sourcecode.swift; path = OnboardingViewController.swift; sourceTree = "<group>"; };
		4FFDA7C62B18DCA0005FF2C7 /* PageViewController.swift */ = {isa = PBXFileReference; lastKnownFileType = sourcecode.swift; path = PageViewController.swift; sourceTree = "<group>"; };
		4FFDA7C92B1A2184005FF2C7 /* CategoriesViewController.swift */ = {isa = PBXFileReference; lastKnownFileType = sourcecode.swift; path = CategoriesViewController.swift; sourceTree = "<group>"; };
		4FFDA7CB2B1B7C10005FF2C7 /* CategoriesViewModel.swift */ = {isa = PBXFileReference; lastKnownFileType = sourcecode.swift; path = CategoriesViewModel.swift; sourceTree = "<group>"; };
		4FFDA7CD2B1B8927005FF2C7 /* NewCategoryViewController.swift */ = {isa = PBXFileReference; lastKnownFileType = sourcecode.swift; path = NewCategoryViewController.swift; sourceTree = "<group>"; };
		4FFDA7E62B1D0C34005FF2C7 /* en */ = {isa = PBXFileReference; lastKnownFileType = text.plist.strings; name = en; path = en.lproj/Localizable.strings; sourceTree = "<group>"; };
		4FFDA7E82B1D0C42005FF2C7 /* ru */ = {isa = PBXFileReference; lastKnownFileType = text.plist.strings; name = ru; path = ru.lproj/Localizable.strings; sourceTree = "<group>"; };
		4FFDA7ED2B1D1803005FF2C7 /* TrackerTests.xctest */ = {isa = PBXFileReference; explicitFileType = wrapper.cfbundle; includeInIndex = 0; path = TrackerTests.xctest; sourceTree = BUILT_PRODUCTS_DIR; };
		4FFDA7EF2B1D1804005FF2C7 /* TrackerTests.swift */ = {isa = PBXFileReference; lastKnownFileType = sourcecode.swift; path = TrackerTests.swift; sourceTree = "<group>"; };
		58E1911598460EC759FB5B1F /* Pods_Tracker.framework */ = {isa = PBXFileReference; explicitFileType = wrapper.framework; includeInIndex = 0; path = Pods_Tracker.framework; sourceTree = BUILT_PRODUCTS_DIR; };
		83D5AEDAEB3969F2F2BF0127 /* Pods-Tracker.debug.xcconfig */ = {isa = PBXFileReference; includeInIndex = 1; lastKnownFileType = text.xcconfig; name = "Pods-Tracker.debug.xcconfig"; path = "Target Support Files/Pods-Tracker/Pods-Tracker.debug.xcconfig"; sourceTree = "<group>"; };
		F6EE5A12352F748259894F0B /* Pods-Tracker.release.xcconfig */ = {isa = PBXFileReference; includeInIndex = 1; lastKnownFileType = text.xcconfig; name = "Pods-Tracker.release.xcconfig"; path = "Target Support Files/Pods-Tracker/Pods-Tracker.release.xcconfig"; sourceTree = "<group>"; };
/* End PBXFileReference section */

/* Begin PBXFrameworksBuildPhase section */
		4F26B01B2AD878EB00E3F67F /* Frameworks */ = {
			isa = PBXFrameworksBuildPhase;
			buildActionMask = 2147483647;
			files = (
				FDE69D5D29360A489B6F4122 /* Pods_Tracker.framework in Frameworks */,
			);
			runOnlyForDeploymentPostprocessing = 0;
		};
		4FFDA7EA2B1D1803005FF2C7 /* Frameworks */ = {
			isa = PBXFrameworksBuildPhase;
			buildActionMask = 2147483647;
			files = (
				4FFDA7FB2B1D192F005FF2C7 /* SnapshotTesting in Frameworks */,
			);
			runOnlyForDeploymentPostprocessing = 0;
		};
/* End PBXFrameworksBuildPhase section */

/* Begin PBXGroup section */
		4F26B0152AD878EB00E3F67F = {
			isa = PBXGroup;
			children = (
				4F26B0202AD878EB00E3F67F /* Tracker */,
				4FFDA7EE2B1D1804005FF2C7 /* TrackerTests */,
				4F26B01F2AD878EB00E3F67F /* Products */,
				BD544ED4FCEFB4626A657B67 /* Pods */,
				F2D918B69A47079AA5AACABA /* Frameworks */,
			);
			sourceTree = "<group>";
		};
		4F26B01F2AD878EB00E3F67F /* Products */ = {
			isa = PBXGroup;
			children = (
				4F26B01E2AD878EB00E3F67F /* Tracker.app */,
				4FFDA7ED2B1D1803005FF2C7 /* TrackerTests.xctest */,
			);
			name = Products;
			sourceTree = "<group>";
		};
		4F26B0202AD878EB00E3F67F /* Tracker */ = {
			isa = PBXGroup;
			children = (
				4FFDA7E12B1D0A38005FF2C7 /* Tracker */,
				4FFDA7E02B1D0A14005FF2C7 /* Resources */,
				4FFDA7C82B1A2165005FF2C7 /* CategoriesView */,
				4FFDA7C52B18DC84005FF2C7 /* Onboarding */,
				4FFDA77B2B12A3CC005FF2C7 /* CoreData */,
				4FF801E72AEF03970036EF3B /* StatisticsViewController.swift */,
				4FF801E52AEF02970036EF3B /* TabBarViewCiontroller.swift */,
				4F26B0212AD878EB00E3F67F /* AppDelegate.swift */,
				4F26B0232AD878EB00E3F67F /* SceneDelegate.swift */,
				4F26B0252AD878EB00E3F67F /* TrackersViewController.swift */,
				4F26B02C2AD878EC00E3F67F /* LaunchScreen.storyboard */,
				4FF801F92B02CE770036EF3B /* TrackerCategorySuplemetaryView.swift */,
				4FF801E92AF1ABED0036EF3B /* AddTrackerViewController.swift */,
				4FF801F52B0014390036EF3B /* TrackerViewCell.swift */,
				4FF801FB2B06CC950036EF3B /* EmojiCollectionViewCell.swift */,
				4FFDA71F2B0AA308005FF2C7 /* ColorCollectionViewCell.swift */,
				4F26B02F2AD878EC00E3F67F /* Info.plist */,
				4F0AF5BD2B1D2B6800CD19AA /* AnalyticService.swift */,
				4F0AF5BF2B1D46A700CD19AA /* FiltersViewController.swift */,
			);
			path = Tracker;
			sourceTree = "<group>";
		};
		4FFDA77B2B12A3CC005FF2C7 /* CoreData */ = {
			isa = PBXGroup;
			children = (
				4FFDA7492B0ABD02005FF2C7 /* DataBase.xcdatamodeld */,
				4FFDA7742B129A3C005FF2C7 /* TrackerStore.swift */,
				4FFDA7782B129AA6005FF2C7 /* TrackerRecordStore.swift */,
				4FFDA7762B129A8E005FF2C7 /* TrackerCategoryStore.swift */,
				4FFDA77C2B12A4B2005FF2C7 /* UIColorMarshalling.swift */,
			);
			path = CoreData;
			sourceTree = "<group>";
		};
		4FFDA7C52B18DC84005FF2C7 /* Onboarding */ = {
			isa = PBXGroup;
			children = (
				4FFDA7C32B18CD68005FF2C7 /* OnboardingViewController.swift */,
				4FFDA7C62B18DCA0005FF2C7 /* PageViewController.swift */,
			);
			path = Onboarding;
			sourceTree = "<group>";
		};
		4FFDA7C82B1A2165005FF2C7 /* CategoriesView */ = {
			isa = PBXGroup;
			children = (
				4FFDA7C92B1A2184005FF2C7 /* CategoriesViewController.swift */,
				4FFDA7CB2B1B7C10005FF2C7 /* CategoriesViewModel.swift */,
				4FFDA7CD2B1B8927005FF2C7 /* NewCategoryViewController.swift */,
			);
			path = CategoriesView;
			sourceTree = "<group>";
		};
		4FFDA7E02B1D0A14005FF2C7 /* Resources */ = {
			isa = PBXGroup;
			children = (
				4FF801F12AF8581C0036EF3B /* SFProText-Regular.ttf */,
				4FF801EB2AF1B0310036EF3B /* SFProText-Medium.ttf */,
				4F26B0402AEEFFE400E3F67F /* SFProText-Bold.ttf */,
				4F26B02A2AD878EC00E3F67F /* Assets.xcassets */,
				4FFDA7E72B1D0C34005FF2C7 /* Localizable.strings */,
				4F0AF5C32B1E676D00CD19AA /* Colors.swift */,
			);
			path = Resources;
			sourceTree = "<group>";
		};
		4FFDA7E12B1D0A38005FF2C7 /* Tracker */ = {
			isa = PBXGroup;
			children = (
				4F26B0352AEEE40900E3F67F /* Tracker.swift */,
				4F26B0372AEEE45E00E3F67F /* TrackerCategory.swift */,
				4F26B0392AEEE4AB00E3F67F /* TrackerRecord.swift */,
				4FF801F32AF926580036EF3B /* NewTrackerViewController.swift */,
				4FF801F72B015A000036EF3B /* ScheduleViewController.swift */,
			);
			path = Tracker;
			sourceTree = "<group>";
		};
		4FFDA7EE2B1D1804005FF2C7 /* TrackerTests */ = {
			isa = PBXGroup;
			children = (
				4FFDA7EF2B1D1804005FF2C7 /* TrackerTests.swift */,
			);
			path = TrackerTests;
			sourceTree = "<group>";
		};
		BD544ED4FCEFB4626A657B67 /* Pods */ = {
			isa = PBXGroup;
			children = (
				83D5AEDAEB3969F2F2BF0127 /* Pods-Tracker.debug.xcconfig */,
				F6EE5A12352F748259894F0B /* Pods-Tracker.release.xcconfig */,
			);
			path = Pods;
			sourceTree = "<group>";
		};
		F2D918B69A47079AA5AACABA /* Frameworks */ = {
			isa = PBXGroup;
			children = (
				58E1911598460EC759FB5B1F /* Pods_Tracker.framework */,
			);
			name = Frameworks;
			sourceTree = "<group>";
		};
/* End PBXGroup section */

/* Begin PBXNativeTarget section */
		4F26B01D2AD878EB00E3F67F /* Tracker */ = {
			isa = PBXNativeTarget;
			buildConfigurationList = 4F26B0322AD878EC00E3F67F /* Build configuration list for PBXNativeTarget "Tracker" */;
			buildPhases = (
				0C7989487BA1193640B0CECA /* [CP] Check Pods Manifest.lock */,
				4F26B01A2AD878EB00E3F67F /* Sources */,
				4F26B01B2AD878EB00E3F67F /* Frameworks */,
				4F26B01C2AD878EB00E3F67F /* Resources */,
			);
			buildRules = (
			);
			dependencies = (
			);
			name = Tracker;
			productName = Tracker;
			productReference = 4F26B01E2AD878EB00E3F67F /* Tracker.app */;
			productType = "com.apple.product-type.application";
		};
		4FFDA7EC2B1D1803005FF2C7 /* TrackerTests */ = {
			isa = PBXNativeTarget;
			buildConfigurationList = 4FFDA7F32B1D1804005FF2C7 /* Build configuration list for PBXNativeTarget "TrackerTests" */;
			buildPhases = (
				4FFDA7E92B1D1803005FF2C7 /* Sources */,
				4FFDA7EA2B1D1803005FF2C7 /* Frameworks */,
				4FFDA7EB2B1D1803005FF2C7 /* Resources */,
			);
			buildRules = (
			);
			dependencies = (
				4FFDA7F22B1D1804005FF2C7 /* PBXTargetDependency */,
			);
			name = TrackerTests;
			packageProductDependencies = (
				4FFDA7FA2B1D192F005FF2C7 /* SnapshotTesting */,
			);
			productName = TrackerTests;
			productReference = 4FFDA7ED2B1D1803005FF2C7 /* TrackerTests.xctest */;
			productType = "com.apple.product-type.bundle.unit-test";
		};
/* End PBXNativeTarget section */

/* Begin PBXProject section */
		4F26B0162AD878EB00E3F67F /* Project object */ = {
			isa = PBXProject;
			attributes = {
				BuildIndependentTargetsInParallel = 1;
				LastSwiftUpdateCheck = 1430;
				LastUpgradeCheck = 1430;
				TargetAttributes = {
					4F26B01D2AD878EB00E3F67F = {
						CreatedOnToolsVersion = 14.3.1;
					};
					4FFDA7EC2B1D1803005FF2C7 = {
						CreatedOnToolsVersion = 14.3.1;
						TestTargetID = 4F26B01D2AD878EB00E3F67F;
					};
				};
			};
			buildConfigurationList = 4F26B0192AD878EB00E3F67F /* Build configuration list for PBXProject "Tracker" */;
			compatibilityVersion = "Xcode 14.0";
			developmentRegion = en;
			hasScannedForEncodings = 0;
			knownRegions = (
				en,
				Base,
				ru,
			);
			mainGroup = 4F26B0152AD878EB00E3F67F;
			packageReferences = (
				4FFDA7F92B1D192F005FF2C7 /* XCRemoteSwiftPackageReference "swift-snapshot-testing" */,
			);
			productRefGroup = 4F26B01F2AD878EB00E3F67F /* Products */;
			projectDirPath = "";
			projectRoot = "";
			targets = (
				4F26B01D2AD878EB00E3F67F /* Tracker */,
				4FFDA7EC2B1D1803005FF2C7 /* TrackerTests */,
			);
		};
/* End PBXProject section */

/* Begin PBXResourcesBuildPhase section */
		4F26B01C2AD878EB00E3F67F /* Resources */ = {
			isa = PBXResourcesBuildPhase;
			buildActionMask = 2147483647;
			files = (
				4F26B02E2AD878EC00E3F67F /* LaunchScreen.storyboard in Resources */,
				4FFDA7E52B1D0C34005FF2C7 /* Localizable.strings in Resources */,
				4FF801EC2AF1B0310036EF3B /* SFProText-Medium.ttf in Resources */,
				4F26B0412AEEFFE400E3F67F /* SFProText-Bold.ttf in Resources */,
				4FF801F22AF8581C0036EF3B /* SFProText-Regular.ttf in Resources */,
				4F26B02B2AD878EC00E3F67F /* Assets.xcassets in Resources */,
			);
			runOnlyForDeploymentPostprocessing = 0;
		};
		4FFDA7EB2B1D1803005FF2C7 /* Resources */ = {
			isa = PBXResourcesBuildPhase;
			buildActionMask = 2147483647;
			files = (
			);
			runOnlyForDeploymentPostprocessing = 0;
		};
/* End PBXResourcesBuildPhase section */

/* Begin PBXShellScriptBuildPhase section */
		0C7989487BA1193640B0CECA /* [CP] Check Pods Manifest.lock */ = {
			isa = PBXShellScriptBuildPhase;
			buildActionMask = 2147483647;
			files = (
			);
			inputFileListPaths = (
			);
			inputPaths = (
				"${PODS_PODFILE_DIR_PATH}/Podfile.lock",
				"${PODS_ROOT}/Manifest.lock",
			);
			name = "[CP] Check Pods Manifest.lock";
			outputFileListPaths = (
			);
			outputPaths = (
				"$(DERIVED_FILE_DIR)/Pods-Tracker-checkManifestLockResult.txt",
			);
			runOnlyForDeploymentPostprocessing = 0;
			shellPath = /bin/sh;
			shellScript = "diff \"${PODS_PODFILE_DIR_PATH}/Podfile.lock\" \"${PODS_ROOT}/Manifest.lock\" > /dev/null\nif [ $? != 0 ] ; then\n    # print error to STDERR\n    echo \"error: The sandbox is not in sync with the Podfile.lock. Run 'pod install' or update your CocoaPods installation.\" >&2\n    exit 1\nfi\n# This output is used by Xcode 'outputs' to avoid re-running this script phase.\necho \"SUCCESS\" > \"${SCRIPT_OUTPUT_FILE_0}\"\n";
			showEnvVarsInLog = 0;
		};
/* End PBXShellScriptBuildPhase section */

/* Begin PBXSourcesBuildPhase section */
		4F26B01A2AD878EB00E3F67F /* Sources */ = {
			isa = PBXSourcesBuildPhase;
			buildActionMask = 2147483647;
			files = (
				4FFDA7202B0AA308005FF2C7 /* ColorCollectionViewCell.swift in Sources */,
				4FFDA7792B129AA6005FF2C7 /* TrackerRecordStore.swift in Sources */,
				4FF801F82B015A000036EF3B /* ScheduleViewController.swift in Sources */,
				4FFDA74B2B0ABD02005FF2C7 /* DataBase.xcdatamodeld in Sources */,
				4FF801E62AEF02970036EF3B /* TabBarViewCiontroller.swift in Sources */,
				4FFDA7772B129A8E005FF2C7 /* TrackerCategoryStore.swift in Sources */,
				4FF801F42AF926580036EF3B /* NewTrackerViewController.swift in Sources */,
				4F0AF5C02B1D46A700CD19AA /* FiltersViewController.swift in Sources */,
				4FFDA7CE2B1B8927005FF2C7 /* NewCategoryViewController.swift in Sources */,
				4F26B0382AEEE45E00E3F67F /* TrackerCategory.swift in Sources */,
				4FF801FA2B02CE770036EF3B /* TrackerCategorySuplemetaryView.swift in Sources */,
				4F26B0362AEEE40900E3F67F /* Tracker.swift in Sources */,
				4FFDA77D2B12A4B2005FF2C7 /* UIColorMarshalling.swift in Sources */,
				4FFDA7C42B18CD68005FF2C7 /* OnboardingViewController.swift in Sources */,
				4FF801EA2AF1ABED0036EF3B /* AddTrackerViewController.swift in Sources */,
				4FFDA7C72B18DCA0005FF2C7 /* PageViewController.swift in Sources */,
				4FF801FC2B06CC950036EF3B /* EmojiCollectionViewCell.swift in Sources */,
				4F0AF5C42B1E676D00CD19AA /* Colors.swift in Sources */,
				4FF801E82AEF03970036EF3B /* StatisticsViewController.swift in Sources */,
				4FF801F62B0014390036EF3B /* TrackerViewCell.swift in Sources */,
				4F26B0262AD878EB00E3F67F /* TrackersViewController.swift in Sources */,
				4F26B0222AD878EB00E3F67F /* AppDelegate.swift in Sources */,
				4F26B0242AD878EB00E3F67F /* SceneDelegate.swift in Sources */,
				4F26B03A2AEEE4AB00E3F67F /* TrackerRecord.swift in Sources */,
				4F0AF5BE2B1D2B6800CD19AA /* AnalyticService.swift in Sources */,
				4FFDA7CA2B1A2184005FF2C7 /* CategoriesViewController.swift in Sources */,
				4FFDA7CC2B1B7C10005FF2C7 /* CategoriesViewModel.swift in Sources */,
				4FFDA7752B129A3C005FF2C7 /* TrackerStore.swift in Sources */,
			);
			runOnlyForDeploymentPostprocessing = 0;
		};
		4FFDA7E92B1D1803005FF2C7 /* Sources */ = {
			isa = PBXSourcesBuildPhase;
			buildActionMask = 2147483647;
			files = (
				4FFDA7F02B1D1804005FF2C7 /* TrackerTests.swift in Sources */,
			);
			runOnlyForDeploymentPostprocessing = 0;
		};
/* End PBXSourcesBuildPhase section */

/* Begin PBXTargetDependency section */
		4FFDA7F22B1D1804005FF2C7 /* PBXTargetDependency */ = {
			isa = PBXTargetDependency;
			target = 4F26B01D2AD878EB00E3F67F /* Tracker */;
			targetProxy = 4FFDA7F12B1D1804005FF2C7 /* PBXContainerItemProxy */;
		};
/* End PBXTargetDependency section */

/* Begin PBXVariantGroup section */
		4F26B02C2AD878EC00E3F67F /* LaunchScreen.storyboard */ = {
			isa = PBXVariantGroup;
			children = (
				4F26B02D2AD878EC00E3F67F /* Base */,
			);
			name = LaunchScreen.storyboard;
			sourceTree = "<group>";
		};
		4FFDA7E72B1D0C34005FF2C7 /* Localizable.strings */ = {
			isa = PBXVariantGroup;
			children = (
				4FFDA7E62B1D0C34005FF2C7 /* en */,
				4FFDA7E82B1D0C42005FF2C7 /* ru */,
			);
			name = Localizable.strings;
			sourceTree = "<group>";
		};
/* End PBXVariantGroup section */

/* Begin XCBuildConfiguration section */
		4F26B0302AD878EC00E3F67F /* Debug */ = {
			isa = XCBuildConfiguration;
			buildSettings = {
				ALWAYS_SEARCH_USER_PATHS = NO;
				CLANG_ANALYZER_LOCALIZABILITY_NONLOCALIZED = YES;
				CLANG_ANALYZER_NONNULL = YES;
				CLANG_ANALYZER_NUMBER_OBJECT_CONVERSION = YES_AGGRESSIVE;
				CLANG_CXX_LANGUAGE_STANDARD = "gnu++20";
				CLANG_ENABLE_MODULES = YES;
				CLANG_ENABLE_OBJC_ARC = YES;
				CLANG_ENABLE_OBJC_WEAK = YES;
				CLANG_WARN_BLOCK_CAPTURE_AUTORELEASING = YES;
				CLANG_WARN_BOOL_CONVERSION = YES;
				CLANG_WARN_COMMA = YES;
				CLANG_WARN_CONSTANT_CONVERSION = YES;
				CLANG_WARN_DEPRECATED_OBJC_IMPLEMENTATIONS = YES;
				CLANG_WARN_DIRECT_OBJC_ISA_USAGE = YES_ERROR;
				CLANG_WARN_DOCUMENTATION_COMMENTS = YES;
				CLANG_WARN_EMPTY_BODY = YES;
				CLANG_WARN_ENUM_CONVERSION = YES;
				CLANG_WARN_INFINITE_RECURSION = YES;
				CLANG_WARN_INT_CONVERSION = YES;
				CLANG_WARN_NON_LITERAL_NULL_CONVERSION = YES;
				CLANG_WARN_OBJC_IMPLICIT_RETAIN_SELF = YES;
				CLANG_WARN_OBJC_LITERAL_CONVERSION = YES;
				CLANG_WARN_OBJC_ROOT_CLASS = YES_ERROR;
				CLANG_WARN_QUOTED_INCLUDE_IN_FRAMEWORK_HEADER = YES;
				CLANG_WARN_RANGE_LOOP_ANALYSIS = YES;
				CLANG_WARN_STRICT_PROTOTYPES = YES;
				CLANG_WARN_SUSPICIOUS_MOVE = YES;
				CLANG_WARN_UNGUARDED_AVAILABILITY = YES_AGGRESSIVE;
				CLANG_WARN_UNREACHABLE_CODE = YES;
				CLANG_WARN__DUPLICATE_METHOD_MATCH = YES;
				COPY_PHASE_STRIP = NO;
				DEBUG_INFORMATION_FORMAT = dwarf;
				ENABLE_STRICT_OBJC_MSGSEND = YES;
				ENABLE_TESTABILITY = YES;
				GCC_C_LANGUAGE_STANDARD = gnu11;
				GCC_DYNAMIC_NO_PIC = NO;
				GCC_NO_COMMON_BLOCKS = YES;
				GCC_OPTIMIZATION_LEVEL = 0;
				GCC_PREPROCESSOR_DEFINITIONS = (
					"DEBUG=1",
					"$(inherited)",
				);
				GCC_WARN_64_TO_32_BIT_CONVERSION = YES;
				GCC_WARN_ABOUT_RETURN_TYPE = YES_ERROR;
				GCC_WARN_UNDECLARED_SELECTOR = YES;
				GCC_WARN_UNINITIALIZED_AUTOS = YES_AGGRESSIVE;
				GCC_WARN_UNUSED_FUNCTION = YES;
				GCC_WARN_UNUSED_VARIABLE = YES;
				IPHONEOS_DEPLOYMENT_TARGET = 13.4;
				MTL_ENABLE_DEBUG_INFO = INCLUDE_SOURCE;
				MTL_FAST_MATH = YES;
				ONLY_ACTIVE_ARCH = YES;
				SDKROOT = iphoneos;
				SWIFT_ACTIVE_COMPILATION_CONDITIONS = DEBUG;
				SWIFT_OPTIMIZATION_LEVEL = "-Onone";
			};
			name = Debug;
		};
		4F26B0312AD878EC00E3F67F /* Release */ = {
			isa = XCBuildConfiguration;
			buildSettings = {
				ALWAYS_SEARCH_USER_PATHS = NO;
				CLANG_ANALYZER_LOCALIZABILITY_NONLOCALIZED = YES;
				CLANG_ANALYZER_NONNULL = YES;
				CLANG_ANALYZER_NUMBER_OBJECT_CONVERSION = YES_AGGRESSIVE;
				CLANG_CXX_LANGUAGE_STANDARD = "gnu++20";
				CLANG_ENABLE_MODULES = YES;
				CLANG_ENABLE_OBJC_ARC = YES;
				CLANG_ENABLE_OBJC_WEAK = YES;
				CLANG_WARN_BLOCK_CAPTURE_AUTORELEASING = YES;
				CLANG_WARN_BOOL_CONVERSION = YES;
				CLANG_WARN_COMMA = YES;
				CLANG_WARN_CONSTANT_CONVERSION = YES;
				CLANG_WARN_DEPRECATED_OBJC_IMPLEMENTATIONS = YES;
				CLANG_WARN_DIRECT_OBJC_ISA_USAGE = YES_ERROR;
				CLANG_WARN_DOCUMENTATION_COMMENTS = YES;
				CLANG_WARN_EMPTY_BODY = YES;
				CLANG_WARN_ENUM_CONVERSION = YES;
				CLANG_WARN_INFINITE_RECURSION = YES;
				CLANG_WARN_INT_CONVERSION = YES;
				CLANG_WARN_NON_LITERAL_NULL_CONVERSION = YES;
				CLANG_WARN_OBJC_IMPLICIT_RETAIN_SELF = YES;
				CLANG_WARN_OBJC_LITERAL_CONVERSION = YES;
				CLANG_WARN_OBJC_ROOT_CLASS = YES_ERROR;
				CLANG_WARN_QUOTED_INCLUDE_IN_FRAMEWORK_HEADER = YES;
				CLANG_WARN_RANGE_LOOP_ANALYSIS = YES;
				CLANG_WARN_STRICT_PROTOTYPES = YES;
				CLANG_WARN_SUSPICIOUS_MOVE = YES;
				CLANG_WARN_UNGUARDED_AVAILABILITY = YES_AGGRESSIVE;
				CLANG_WARN_UNREACHABLE_CODE = YES;
				CLANG_WARN__DUPLICATE_METHOD_MATCH = YES;
				COPY_PHASE_STRIP = NO;
				DEBUG_INFORMATION_FORMAT = "dwarf-with-dsym";
				ENABLE_NS_ASSERTIONS = NO;
				ENABLE_STRICT_OBJC_MSGSEND = YES;
				GCC_C_LANGUAGE_STANDARD = gnu11;
				GCC_NO_COMMON_BLOCKS = YES;
				GCC_WARN_64_TO_32_BIT_CONVERSION = YES;
				GCC_WARN_ABOUT_RETURN_TYPE = YES_ERROR;
				GCC_WARN_UNDECLARED_SELECTOR = YES;
				GCC_WARN_UNINITIALIZED_AUTOS = YES_AGGRESSIVE;
				GCC_WARN_UNUSED_FUNCTION = YES;
				GCC_WARN_UNUSED_VARIABLE = YES;
				IPHONEOS_DEPLOYMENT_TARGET = 13.4;
				MTL_ENABLE_DEBUG_INFO = NO;
				MTL_FAST_MATH = YES;
				SDKROOT = iphoneos;
				SWIFT_COMPILATION_MODE = wholemodule;
				SWIFT_OPTIMIZATION_LEVEL = "-O";
				VALIDATE_PRODUCT = YES;
			};
			name = Release;
		};
		4F26B0332AD878EC00E3F67F /* Debug */ = {
			isa = XCBuildConfiguration;
			baseConfigurationReference = 83D5AEDAEB3969F2F2BF0127 /* Pods-Tracker.debug.xcconfig */;
			buildSettings = {
				ASSETCATALOG_COMPILER_APPICON_NAME = AppIcon;
				ASSETCATALOG_COMPILER_GLOBAL_ACCENT_COLOR_NAME = AccentColor;
				CODE_SIGN_STYLE = Automatic;
				CURRENT_PROJECT_VERSION = 1;
				GENERATE_INFOPLIST_FILE = YES;
				INFOPLIST_FILE = Tracker/Info.plist;
				INFOPLIST_KEY_UIApplicationSupportsIndirectInputEvents = YES;
				INFOPLIST_KEY_UILaunchStoryboardName = LaunchScreen;
				INFOPLIST_KEY_UISupportedInterfaceOrientations_iPad = "UIInterfaceOrientationPortrait UIInterfaceOrientationPortraitUpsideDown UIInterfaceOrientationLandscapeLeft UIInterfaceOrientationLandscapeRight";
				INFOPLIST_KEY_UISupportedInterfaceOrientations_iPhone = "UIInterfaceOrientationPortrait UIInterfaceOrientationLandscapeLeft UIInterfaceOrientationLandscapeRight";
				LD_RUNPATH_SEARCH_PATHS = (
					"$(inherited)",
					"@executable_path/Frameworks",
				);
				MARKETING_VERSION = 1.0;
				PRODUCT_BUNDLE_IDENTIFIER = ru.practicum.Tracker.Tracker;
				PRODUCT_NAME = "$(TARGET_NAME)";
				SWIFT_EMIT_LOC_STRINGS = YES;
				SWIFT_VERSION = 5.0;
				TARGETED_DEVICE_FAMILY = "1,2";
			};
			name = Debug;
		};
		4F26B0342AD878EC00E3F67F /* Release */ = {
			isa = XCBuildConfiguration;
			baseConfigurationReference = F6EE5A12352F748259894F0B /* Pods-Tracker.release.xcconfig */;
			buildSettings = {
				ASSETCATALOG_COMPILER_APPICON_NAME = AppIcon;
				ASSETCATALOG_COMPILER_GLOBAL_ACCENT_COLOR_NAME = AccentColor;
				CODE_SIGN_STYLE = Automatic;
				CURRENT_PROJECT_VERSION = 1;
				GENERATE_INFOPLIST_FILE = YES;
				INFOPLIST_FILE = Tracker/Info.plist;
				INFOPLIST_KEY_UIApplicationSupportsIndirectInputEvents = YES;
				INFOPLIST_KEY_UILaunchStoryboardName = LaunchScreen;
				INFOPLIST_KEY_UISupportedInterfaceOrientations_iPad = "UIInterfaceOrientationPortrait UIInterfaceOrientationPortraitUpsideDown UIInterfaceOrientationLandscapeLeft UIInterfaceOrientationLandscapeRight";
				INFOPLIST_KEY_UISupportedInterfaceOrientations_iPhone = "UIInterfaceOrientationPortrait UIInterfaceOrientationLandscapeLeft UIInterfaceOrientationLandscapeRight";
				LD_RUNPATH_SEARCH_PATHS = (
					"$(inherited)",
					"@executable_path/Frameworks",
				);
				MARKETING_VERSION = 1.0;
				PRODUCT_BUNDLE_IDENTIFIER = ru.practicum.Tracker.Tracker;
				PRODUCT_NAME = "$(TARGET_NAME)";
				SWIFT_EMIT_LOC_STRINGS = YES;
				SWIFT_VERSION = 5.0;
				TARGETED_DEVICE_FAMILY = "1,2";
			};
			name = Release;
		};
		4FFDA7F42B1D1804005FF2C7 /* Debug */ = {
			isa = XCBuildConfiguration;
			buildSettings = {
				BUNDLE_LOADER = "$(TEST_HOST)";
				CODE_SIGN_STYLE = Automatic;
				CURRENT_PROJECT_VERSION = 1;
				GENERATE_INFOPLIST_FILE = YES;
				IPHONEOS_DEPLOYMENT_TARGET = 16.4;
				MARKETING_VERSION = 1.0;
				PRODUCT_BUNDLE_IDENTIFIER = ru.practicum.Library.TrackerTests;
				PRODUCT_NAME = "$(TARGET_NAME)";
				SWIFT_EMIT_LOC_STRINGS = NO;
				SWIFT_VERSION = 5.0;
				TARGETED_DEVICE_FAMILY = "1,2";
				TEST_HOST = "$(BUILT_PRODUCTS_DIR)/Tracker.app/$(BUNDLE_EXECUTABLE_FOLDER_PATH)/Tracker";
			};
			name = Debug;
		};
		4FFDA7F52B1D1804005FF2C7 /* Release */ = {
			isa = XCBuildConfiguration;
			buildSettings = {
				BUNDLE_LOADER = "$(TEST_HOST)";
				CODE_SIGN_STYLE = Automatic;
				CURRENT_PROJECT_VERSION = 1;
				GENERATE_INFOPLIST_FILE = YES;
				IPHONEOS_DEPLOYMENT_TARGET = 16.4;
				MARKETING_VERSION = 1.0;
				PRODUCT_BUNDLE_IDENTIFIER = ru.practicum.Library.TrackerTests;
				PRODUCT_NAME = "$(TARGET_NAME)";
				SWIFT_EMIT_LOC_STRINGS = NO;
				SWIFT_VERSION = 5.0;
				TARGETED_DEVICE_FAMILY = "1,2";
				TEST_HOST = "$(BUILT_PRODUCTS_DIR)/Tracker.app/$(BUNDLE_EXECUTABLE_FOLDER_PATH)/Tracker";
			};
			name = Release;
		};
/* End XCBuildConfiguration section */

/* Begin XCConfigurationList section */
		4F26B0192AD878EB00E3F67F /* Build configuration list for PBXProject "Tracker" */ = {
			isa = XCConfigurationList;
			buildConfigurations = (
				4F26B0302AD878EC00E3F67F /* Debug */,
				4F26B0312AD878EC00E3F67F /* Release */,
			);
			defaultConfigurationIsVisible = 0;
			defaultConfigurationName = Release;
		};
		4F26B0322AD878EC00E3F67F /* Build configuration list for PBXNativeTarget "Tracker" */ = {
			isa = XCConfigurationList;
			buildConfigurations = (
				4F26B0332AD878EC00E3F67F /* Debug */,
				4F26B0342AD878EC00E3F67F /* Release */,
			);
			defaultConfigurationIsVisible = 0;
			defaultConfigurationName = Release;
		};
		4FFDA7F32B1D1804005FF2C7 /* Build configuration list for PBXNativeTarget "TrackerTests" */ = {
			isa = XCConfigurationList;
			buildConfigurations = (
				4FFDA7F42B1D1804005FF2C7 /* Debug */,
				4FFDA7F52B1D1804005FF2C7 /* Release */,
			);
			defaultConfigurationIsVisible = 0;
			defaultConfigurationName = Release;
		};
/* End XCConfigurationList section */

/* Begin XCRemoteSwiftPackageReference section */
		4FFDA7F92B1D192F005FF2C7 /* XCRemoteSwiftPackageReference "swift-snapshot-testing" */ = {
			isa = XCRemoteSwiftPackageReference;
			repositoryURL = "https://github.com/pointfreeco/swift-snapshot-testing";
			requirement = {
				kind = upToNextMajorVersion;
				minimumVersion = 1.0.0;
			};
		};
/* End XCRemoteSwiftPackageReference section */

/* Begin XCSwiftPackageProductDependency section */
		4FFDA7FA2B1D192F005FF2C7 /* SnapshotTesting */ = {
			isa = XCSwiftPackageProductDependency;
			package = 4FFDA7F92B1D192F005FF2C7 /* XCRemoteSwiftPackageReference "swift-snapshot-testing" */;
			productName = SnapshotTesting;
		};
/* End XCSwiftPackageProductDependency section */

/* Begin XCVersionGroup section */
		4FFDA7492B0ABD02005FF2C7 /* DataBase.xcdatamodeld */ = {
			isa = XCVersionGroup;
			children = (
				4FFDA74A2B0ABD02005FF2C7 /* DataBase.xcdatamodel */,
			);
			currentVersion = 4FFDA74A2B0ABD02005FF2C7 /* DataBase.xcdatamodel */;
			path = DataBase.xcdatamodeld;
			sourceTree = "<group>";
			versionGroupType = wrapper.xcdatamodel;
		};
/* End XCVersionGroup section */
	};
	rootObject = 4F26B0162AD878EB00E3F67F /* Project object */;
}
